
Microsoft Visual Studio Solution File, Format Version 12.00
# Visual Studio Version 16
VisualStudioVersion = 16.0.810.6
MinimumVisualStudioVersion = 10.0.40219.1
Project("{FAE04EC0-301F-11D3-BF4B-00C04F79EFBC}") = "update-monitor", "update-monitor\update-monitor.csproj", "{9DB7465F-0F32-4CB9-87D3-5975DDA9D32C}"
EndProject
Project("{FAE04EC0-301F-11D3-BF4B-00C04F79EFBC}") = "MouseLight.Coordinator.Core", "MouseLight.Coordinator.Core\MouseLight.Coordinator.Core.csproj", "{47225D9A-B285-43F7-9B77-16FC085DA2F1}"
EndProject
Project("{FAE04EC0-301F-11D3-BF4B-00C04F79EFBC}") = "MouseLight.Coordinator.MessageQueue", "MouseLight.Coordinator.MessageQueue\MouseLight.Coordinator.MessageQueue.csproj", "{969B7FA6-5D76-41FD-876B-B6A4CEC73C7C}"
EndProject
Project("{FAE04EC0-301F-11D3-BF4B-00C04F79EFBC}") = "MouseLight.Coordinator.Tests", "MouseLight.Coordinator.Tests\MouseLight.Coordinator.Tests.csproj", "{182B4754-9D61-4D2F-8ABC-1CC75BA6EF38}"
EndProject
Global
	GlobalSection(SolutionConfigurationPlatforms) = preSolution
		Debug|Any CPU = Debug|Any CPU
		Release|Any CPU = Release|Any CPU
	EndGlobalSection
	GlobalSection(ProjectConfigurationPlatforms) = postSolution
		{9DB7465F-0F32-4CB9-87D3-5975DDA9D32C}.Debug|Any CPU.ActiveCfg = Debug|Any CPU
		{9DB7465F-0F32-4CB9-87D3-5975DDA9D32C}.Debug|Any CPU.Build.0 = Debug|Any CPU
		{9DB7465F-0F32-4CB9-87D3-5975DDA9D32C}.Release|Any CPU.ActiveCfg = Release|Any CPU
		{9DB7465F-0F32-4CB9-87D3-5975DDA9D32C}.Release|Any CPU.Build.0 = Release|Any CPU
		{47225D9A-B285-43F7-9B77-16FC085DA2F1}.Debug|Any CPU.ActiveCfg = Debug|Any CPU
		{47225D9A-B285-43F7-9B77-16FC085DA2F1}.Debug|Any CPU.Build.0 = Debug|Any CPU
		{47225D9A-B285-43F7-9B77-16FC085DA2F1}.Release|Any CPU.ActiveCfg = Release|Any CPU
		{47225D9A-B285-43F7-9B77-16FC085DA2F1}.Release|Any CPU.Build.0 = Release|Any CPU
		{969B7FA6-5D76-41FD-876B-B6A4CEC73C7C}.Debug|Any CPU.ActiveCfg = Debug|Any CPU
		{969B7FA6-5D76-41FD-876B-B6A4CEC73C7C}.Debug|Any CPU.Build.0 = Debug|Any CPU
		{969B7FA6-5D76-41FD-876B-B6A4CEC73C7C}.Release|Any CPU.ActiveCfg = Release|Any CPU
		{969B7FA6-5D76-41FD-876B-B6A4CEC73C7C}.Release|Any CPU.Build.0 = Release|Any CPU
		{182B4754-9D61-4D2F-8ABC-1CC75BA6EF38}.Debug|Any CPU.ActiveCfg = Debug|Any CPU
		{182B4754-9D61-4D2F-8ABC-1CC75BA6EF38}.Debug|Any CPU.Build.0 = Debug|Any CPU
		{182B4754-9D61-4D2F-8ABC-1CC75BA6EF38}.Release|Any CPU.ActiveCfg = Release|Any CPU
		{182B4754-9D61-4D2F-8ABC-1CC75BA6EF38}.Release|Any CPU.Build.0 = Release|Any CPU
	EndGlobalSection
	GlobalSection(SolutionProperties) = preSolution
		HideSolutionNode = FALSE
	EndGlobalSection
	GlobalSection(ExtensibilityGlobals) = postSolution
		SolutionGuid = {C26F568B-0A6D-4A08-B339-DFC4859F813F}
	EndGlobalSection
	GlobalSection(MonoDevelopProperties) = preSolution
		Policies = $0
		$0.DotNetNamingPolicy = $1
		$1.DirectoryNamespaceAssociation = PrefixedHierarchical
		$0.TextStylePolicy = $2
		$2.inheritsSet = null
		$2.scope = text/x-csharp
		$0.CSharpFormattingPolicy = $3
		$3.scope = text/x-csharp
		$0.TextStylePolicy = $4
		$4.inheritsSet = null
		$4.scope = text/x-vs
		$0.StandardHeader = $5
		version = 1.6
	EndGlobalSection
EndGlobal
