
Microsoft Visual Studio Solution File, Format Version 12.00
# Visual Studio Version 16
VisualStudioVersion = 16.0.810.6
MinimumVisualStudioVersion = 10.0.40219.1
Project("{FAE04EC0-301F-11D3-BF4B-00C04F79EFBC}") = "update-monitor", "update-monitor\update-monitor.csproj", "{97C48696-F2C4-424D-814F-894E4D5D9393}"
EndProject
Project("{FAE04EC0-301F-11D3-BF4B-00C04F79EFBC}") = "coordinator-core", "coordinator-core\coordinator-core.csproj", "{A84A6AC3-5A28-4188-B193-836A0CD4EAB7}"
EndProject
Global
	GlobalSection(SolutionConfigurationPlatforms) = preSolution
		Debug|Any CPU = Debug|Any CPU
		Release|Any CPU = Release|Any CPU
	EndGlobalSection
	GlobalSection(ProjectConfigurationPlatforms) = postSolution
		{97C48696-F2C4-424D-814F-894E4D5D9393}.Debug|Any CPU.ActiveCfg = Debug|Any CPU
		{97C48696-F2C4-424D-814F-894E4D5D9393}.Debug|Any CPU.Build.0 = Debug|Any CPU
		{97C48696-F2C4-424D-814F-894E4D5D9393}.Release|Any CPU.ActiveCfg = Release|Any CPU
		{97C48696-F2C4-424D-814F-894E4D5D9393}.Release|Any CPU.Build.0 = Release|Any CPU
		{A84A6AC3-5A28-4188-B193-836A0CD4EAB7}.Debug|Any CPU.ActiveCfg = Debug|Any CPU
		{A84A6AC3-5A28-4188-B193-836A0CD4EAB7}.Debug|Any CPU.Build.0 = Debug|Any CPU
		{A84A6AC3-5A28-4188-B193-836A0CD4EAB7}.Release|Any CPU.ActiveCfg = Release|Any CPU
		{A84A6AC3-5A28-4188-B193-836A0CD4EAB7}.Release|Any CPU.Build.0 = Release|Any CPU
	EndGlobalSection
	GlobalSection(SolutionProperties) = preSolution
		HideSolutionNode = FALSE
	EndGlobalSection
	GlobalSection(ExtensibilityGlobals) = postSolution
		SolutionGuid = {C26F568B-0A6D-4A08-B339-DFC4859F813F}
	EndGlobalSection
	GlobalSection(MonoDevelopProperties) = preSolution
		Policies = $0
		$0.DotNetNamingPolicy = $1
		$1.DirectoryNamespaceAssociation = Hierarchical
		$0.TextStylePolicy = $2
		$2.inheritsSet = null
		$2.scope = text/x-csharp
		$0.CSharpFormattingPolicy = $3
		$3.scope = text/x-csharp
		$0.TextStylePolicy = $4
		$4.inheritsSet = null
		$4.scope = text/x-vs
		$0.StandardHeader = $5
		version = 1.6
	EndGlobalSection
EndGlobal
